
Microsoft Visual Studio Solution File, Format Version 12.00
# Visual Studio Version 17
VisualStudioVersion = 17.6.33723.286
MinimumVisualStudioVersion = 10.0.40219.1
Project("{2150E333-8FDC-42A3-9474-1A3956D46DE8}") = "SRC", "SRC", "{46988650-4D2E-4389-B92C-88C2A337F552}"
EndProject
Project("{2150E333-8FDC-42A3-9474-1A3956D46DE8}") = "TEST", "TEST", "{FE0421EE-64AF-414D-96A3-5E4C3C1B0666}"
EndProject
Project("{2150E333-8FDC-42A3-9474-1A3956D46DE8}") = "OzhanHR.Core", "OzhanHR.Core", "{5DC39093-0375-43F7-A628-A7EE191ED51F}"
EndProject
Project("{2150E333-8FDC-42A3-9474-1A3956D46DE8}") = "OzhanHr.Domain", "OzhanHr.Domain", "{77F2CE0E-F49B-49DD-8500-190063CA25F8}"
EndProject
Project("{2150E333-8FDC-42A3-9474-1A3956D46DE8}") = "OzhanHR.Infrastructure", "OzhanHR.Infrastructure", "{BD9D1480-F69C-4DAD-9CDD-B728736C340A}"
EndProject
Project("{2150E333-8FDC-42A3-9474-1A3956D46DE8}") = "API", "API", "{B976F5EA-7B5C-49A9-B731-E60B0BBB49F5}"
EndProject
Project("{2150E333-8FDC-42A3-9474-1A3956D46DE8}") = "UI", "UI", "{FAEA1C00-8BD6-4B6B-93A3-AF239D652F30}"
EndProject
Project("{9A19103F-16F7-4668-BE54-9A1E7A4F7556}") = "OzhanHr.RESTfulApi", "OzhanHr.RESTfulApi\OzhanHr.RESTfulApi.csproj", "{98A8527B-B05D-4B77-9568-9D0F87141FEE}"
EndProject
Project("{9A19103F-16F7-4668-BE54-9A1E7A4F7556}") = "OzhanHr.UI", "OzhanHr.UI\OzhanHr.UI.csproj", "{C94E911C-DA43-49D2-A68D-4A5CB67DAF9B}"
EndProject
Project("{9A19103F-16F7-4668-BE54-9A1E7A4F7556}") = "OzhanHr.Domain", "OzhanHr.Domain\OzhanHr.Domain.csproj", "{2B83CFC1-B2EA-4922-B11C-37324383C3EF}"
EndProject
Project("{2150E333-8FDC-42A3-9474-1A3956D46DE8}") = "OzhanHr.Presistance", "OzhanHr.Presistance", "{75E69A13-3FBA-4407-9708-8CF7D2459310}"
EndProject
Project("{9A19103F-16F7-4668-BE54-9A1E7A4F7556}") = "OzhanHr.Application", "OzhanHr.Presistance\OzhanHr.Application.csproj", "{AF5E1E32-6E8B-4046-84D0-5DBA473F23F1}"
EndProject
Project("{9A19103F-16F7-4668-BE54-9A1E7A4F7556}") = "OzhanHR.Infrasturcutre", "OzhanHR.Infrasturcutre\OzhanHR.Infrasturcutre.csproj", "{75A9212E-5595-41F6-8FD6-5A078C7AF9BC}"
EndProject
Project("{2150E333-8FDC-42A3-9474-1A3956D46DE8}") = "Presistance", "Presistance", "{AD1B1562-6BC5-47F9-9B47-6CB13BE31D2F}"
EndProject
Project("{9A19103F-16F7-4668-BE54-9A1E7A4F7556}") = "OzhanItHr.Persistence", "OzhanItHr.Presistance\OzhanItHr.Persistence.csproj", "{79AE34B9-84C0-4061-9720-7EBA686BA2AA}"
EndProject
Project("{2150E333-8FDC-42A3-9474-1A3956D46DE8}") = "Infrastructure", "Infrastructure", "{78261422-64E7-40B9-9E00-9F5A2AED90AD}"
EndProject
Global
	GlobalSection(SolutionConfigurationPlatforms) = preSolution
		Debug|Any CPU = Debug|Any CPU
		Release|Any CPU = Release|Any CPU
	EndGlobalSection
	GlobalSection(ProjectConfigurationPlatforms) = postSolution
		{98A8527B-B05D-4B77-9568-9D0F87141FEE}.Debug|Any CPU.ActiveCfg = Debug|Any CPU
		{98A8527B-B05D-4B77-9568-9D0F87141FEE}.Debug|Any CPU.Build.0 = Debug|Any CPU
		{98A8527B-B05D-4B77-9568-9D0F87141FEE}.Release|Any CPU.ActiveCfg = Release|Any CPU
		{98A8527B-B05D-4B77-9568-9D0F87141FEE}.Release|Any CPU.Build.0 = Release|Any CPU
		{C94E911C-DA43-49D2-A68D-4A5CB67DAF9B}.Debug|Any CPU.ActiveCfg = Debug|Any CPU
		{C94E911C-DA43-49D2-A68D-4A5CB67DAF9B}.Debug|Any CPU.Build.0 = Debug|Any CPU
		{C94E911C-DA43-49D2-A68D-4A5CB67DAF9B}.Release|Any CPU.ActiveCfg = Release|Any CPU
		{C94E911C-DA43-49D2-A68D-4A5CB67DAF9B}.Release|Any CPU.Build.0 = Release|Any CPU
		{2B83CFC1-B2EA-4922-B11C-37324383C3EF}.Debug|Any CPU.ActiveCfg = Debug|Any CPU
		{2B83CFC1-B2EA-4922-B11C-37324383C3EF}.Debug|Any CPU.Build.0 = Debug|Any CPU
		{2B83CFC1-B2EA-4922-B11C-37324383C3EF}.Release|Any CPU.ActiveCfg = Release|Any CPU
		{2B83CFC1-B2EA-4922-B11C-37324383C3EF}.Release|Any CPU.Build.0 = Release|Any CPU
		{AF5E1E32-6E8B-4046-84D0-5DBA473F23F1}.Debug|Any CPU.ActiveCfg = Debug|Any CPU
		{AF5E1E32-6E8B-4046-84D0-5DBA473F23F1}.Debug|Any CPU.Build.0 = Debug|Any CPU
		{AF5E1E32-6E8B-4046-84D0-5DBA473F23F1}.Release|Any CPU.ActiveCfg = Release|Any CPU
		{AF5E1E32-6E8B-4046-84D0-5DBA473F23F1}.Release|Any CPU.Build.0 = Release|Any CPU
		{75A9212E-5595-41F6-8FD6-5A078C7AF9BC}.Debug|Any CPU.ActiveCfg = Debug|Any CPU
		{75A9212E-5595-41F6-8FD6-5A078C7AF9BC}.Debug|Any CPU.Build.0 = Debug|Any CPU
		{75A9212E-5595-41F6-8FD6-5A078C7AF9BC}.Release|Any CPU.ActiveCfg = Release|Any CPU
		{75A9212E-5595-41F6-8FD6-5A078C7AF9BC}.Release|Any CPU.Build.0 = Release|Any CPU
		{79AE34B9-84C0-4061-9720-7EBA686BA2AA}.Debug|Any CPU.ActiveCfg = Debug|Any CPU
		{79AE34B9-84C0-4061-9720-7EBA686BA2AA}.Debug|Any CPU.Build.0 = Debug|Any CPU
		{79AE34B9-84C0-4061-9720-7EBA686BA2AA}.Release|Any CPU.ActiveCfg = Release|Any CPU
		{79AE34B9-84C0-4061-9720-7EBA686BA2AA}.Release|Any CPU.Build.0 = Release|Any CPU
	EndGlobalSection
	GlobalSection(SolutionProperties) = preSolution
		HideSolutionNode = FALSE
	EndGlobalSection
	GlobalSection(NestedProjects) = preSolution
		{5DC39093-0375-43F7-A628-A7EE191ED51F} = {46988650-4D2E-4389-B92C-88C2A337F552}
		{77F2CE0E-F49B-49DD-8500-190063CA25F8} = {5DC39093-0375-43F7-A628-A7EE191ED51F}
		{BD9D1480-F69C-4DAD-9CDD-B728736C340A} = {46988650-4D2E-4389-B92C-88C2A337F552}
		{B976F5EA-7B5C-49A9-B731-E60B0BBB49F5} = {46988650-4D2E-4389-B92C-88C2A337F552}
		{FAEA1C00-8BD6-4B6B-93A3-AF239D652F30} = {46988650-4D2E-4389-B92C-88C2A337F552}
		{98A8527B-B05D-4B77-9568-9D0F87141FEE} = {B976F5EA-7B5C-49A9-B731-E60B0BBB49F5}
		{C94E911C-DA43-49D2-A68D-4A5CB67DAF9B} = {FAEA1C00-8BD6-4B6B-93A3-AF239D652F30}
		{2B83CFC1-B2EA-4922-B11C-37324383C3EF} = {77F2CE0E-F49B-49DD-8500-190063CA25F8}
		{75E69A13-3FBA-4407-9708-8CF7D2459310} = {5DC39093-0375-43F7-A628-A7EE191ED51F}
		{AF5E1E32-6E8B-4046-84D0-5DBA473F23F1} = {75E69A13-3FBA-4407-9708-8CF7D2459310}
		{75A9212E-5595-41F6-8FD6-5A078C7AF9BC} = {78261422-64E7-40B9-9E00-9F5A2AED90AD}
		{AD1B1562-6BC5-47F9-9B47-6CB13BE31D2F} = {BD9D1480-F69C-4DAD-9CDD-B728736C340A}
		{79AE34B9-84C0-4061-9720-7EBA686BA2AA} = {AD1B1562-6BC5-47F9-9B47-6CB13BE31D2F}
		{78261422-64E7-40B9-9E00-9F5A2AED90AD} = {BD9D1480-F69C-4DAD-9CDD-B728736C340A}
	EndGlobalSection
	GlobalSection(ExtensibilityGlobals) = postSolution
		SolutionGuid = {8002D0CB-5418-4542-8368-67305424A32B}
	EndGlobalSection
EndGlobal
